<?xml version="1.0" encoding="utf-8"?>
<Project ToolsVersion="4.0" xmlns="http://schemas.microsoft.com/developer/msbuild/2003">
  <ItemGroup>
    <Filter Include="Base">
      <UniqueIdentifier>{2b90e764-3e34-4f2f-8d86-72e24e59614e}</UniqueIdentifier>
    </Filter>
    <Filter Include="Components">
      <UniqueIdentifier>{5e29f1d6-a10b-4664-9dde-c243e4d89a65}</UniqueIdentifier>
    </Filter>
    <Filter Include="Objects">
      <UniqueIdentifier>{05bd68b8-cda8-4c02-9e65-6b9df282c3aa}</UniqueIdentifier>
    </Filter>
    <Filter Include="Threading">
      <UniqueIdentifier>{9209211d-fe1d-4058-ba45-31bdf20a904f}</UniqueIdentifier>
    </Filter>
    <Filter Include="Utils">
      <UniqueIdentifier>{2beec2dc-a069-4799-bf3b-3d943a7cc3e1}</UniqueIdentifier>
    </Filter>
  </ItemGroup>
  <ItemGroup>
    <ClCompile Include="main.cpp">
      <Filter>Base</Filter>
    </ClCompile>
    <ClCompile Include="IETThread.cpp">
      <Filter>Threading</Filter>
    </ClCompile>
  </ItemGroup>
  <ItemGroup>
    <ClInclude Include="vec3.h">
      <Filter>Components</Filter>
    </ClInclude>
    <ClInclude Include="color.h">
      <Filter>Components</Filter>
    </ClInclude>
    <ClInclude Include="ray.h">
      <Filter>Components</Filter>
    </ClInclude>
    <ClInclude Include="hittable.h">
      <Filter>Components</Filter>
    </ClInclude>
    <ClInclude Include="Sphere.h">
      <Filter>Objects</Filter>
    </ClInclude>
    <ClInclude Include="hittable_list.h">
      <Filter>Components</Filter>
    </ClInclude>
    <ClInclude Include="rtweekend.h">
      <Filter>Components</Filter>
    </ClInclude>
    <ClInclude Include="interval.h">
      <Filter>Components</Filter>
    </ClInclude>
    <ClInclude Include="camera.h">
      <Filter>Objects</Filter>
    </ClInclude>
    <ClInclude Include="material.h">
      <Filter>Components</Filter>
    </ClInclude>
    <ClInclude Include="RayTraceThread.h">
      <Filter>Threading</Filter>
    </ClInclude>
    <ClInclude Include="RTImage.h">
      <Filter>Threading</Filter>
    </ClInclude>
    <ClInclude Include="MathUtils.h">
      <Filter>Utils</Filter>
    </ClInclude>
    <ClInclude Include="IETThread.h">
      <Filter>Threading</Filter>
    </ClInclude>
  </ItemGroup>
</Project>